
Microsoft Visual Studio Solution File, Format Version 12.00
# Visual Studio Version 17
VisualStudioVersion = 17.14.36401.2 d17.14
MinimumVisualStudioVersion = 10.0.40219.1
Project("{FAE04EC0-301F-11D3-BF4B-00C04F79EFBC}") = "ImageTranslatorAzure", "ImageTranslatorAzure\ImageTranslatorAzure.csproj", "{0D028F1A-A7A6-4BC3-9B08-759C4DEB8410}"
EndProject
Global
	GlobalSection(SolutionConfigurationPlatforms) = preSolution
		Debug|Any CPU = Debug|Any CPU
		Release|Any CPU = Release|Any CPU
	EndGlobalSection
	GlobalSection(ProjectConfigurationPlatforms) = postSolution
		{0D028F1A-A7A6-4BC3-9B08-759C4DEB8410}.Debug|Any CPU.ActiveCfg = Debug|Any CPU
		{0D028F1A-A7A6-4BC3-9B08-759C4DEB8410}.Debug|Any CPU.Build.0 = Debug|Any CPU
		{0D028F1A-A7A6-4BC3-9B08-759C4DEB8410}.Release|Any CPU.ActiveCfg = Release|Any CPU
		{0D028F1A-A7A6-4BC3-9B08-759C4DEB8410}.Release|Any CPU.Build.0 = Release|Any CPU
	EndGlobalSection
	GlobalSection(SolutionProperties) = preSolution
		HideSolutionNode = FALSE
	EndGlobalSection
	GlobalSection(ExtensibilityGlobals) = postSolution
		SolutionGuid = {0ECAA9E8-4090-4B23-8228-34281E6921D5}
	EndGlobalSection
EndGlobal
