
Microsoft Visual Studio Solution File, Format Version 12.00
# Visual Studio Version 17
VisualStudioVersion = 17.14.36401.2 d17.14
MinimumVisualStudioVersion = 10.0.40219.1
Project("{FAE04EC0-301F-11D3-BF4B-00C04F79EFBC}") = "MyAzureApiDbHw", "MyAzureApiDbHw\MyAzureApiDbHw.csproj", "{4248BAF9-3D65-4BEC-AD39-D9D4FCC67A9E}"
EndProject
Global
	GlobalSection(SolutionConfigurationPlatforms) = preSolution
		Debug|Any CPU = Debug|Any CPU
		Release|Any CPU = Release|Any CPU
	EndGlobalSection
	GlobalSection(ProjectConfigurationPlatforms) = postSolution
		{4248BAF9-3D65-4BEC-AD39-D9D4FCC67A9E}.Debug|Any CPU.ActiveCfg = Debug|Any CPU
		{4248BAF9-3D65-4BEC-AD39-D9D4FCC67A9E}.Debug|Any CPU.Build.0 = Debug|Any CPU
		{4248BAF9-3D65-4BEC-AD39-D9D4FCC67A9E}.Release|Any CPU.ActiveCfg = Release|Any CPU
		{4248BAF9-3D65-4BEC-AD39-D9D4FCC67A9E}.Release|Any CPU.Build.0 = Release|Any CPU
	EndGlobalSection
	GlobalSection(SolutionProperties) = preSolution
		HideSolutionNode = FALSE
	EndGlobalSection
	GlobalSection(ExtensibilityGlobals) = postSolution
		SolutionGuid = {C4524A39-D18F-48E6-A7D9-AFF52433976E}
	EndGlobalSection
EndGlobal
